
Microsoft Visual Studio Solution File, Format Version 10.00
# Visual C++ Express 2008
Project("{8BC9CEB8-8B4A-11D0-8D11-00A0C91BC942}") = "lesson6", "lesson6.vcproj", "{F4F917B9-4D7D-4115-8544-377CE1B40532}"
EndProject
Global
	GlobalSection(SolutionConfigurationPlatforms) = preSolution
		Debug|Win32 = Debug|Win32
		Release|Win32 = Release|Win32
	EndGlobalSection
	GlobalSection(ProjectConfigurationPlatforms) = postSolution
		{F4F917B9-4D7D-4115-8544-377CE1B40532}.Debug|Win32.ActiveCfg = Debug|Win32
		{F4F917B9-4D7D-4115-8544-377CE1B40532}.Debug|Win32.Build.0 = Debug|Win32
		{F4F917B9-4D7D-4115-8544-377CE1B40532}.Release|Win32.ActiveCfg = Release|Win32
		{F4F917B9-4D7D-4115-8544-377CE1B40532}.Release|Win32.Build.0 = Release|Win32
	EndGlobalSection
	GlobalSection(SolutionProperties) = preSolution
		HideSolutionNode = FALSE
	EndGlobalSection
EndGlobal
